
Microsoft Visual Studio Solution File, Format Version 12.00
# Visual Studio Version 16
VisualStudioVersion = 16.0.29509.3
MinimumVisualStudioVersion = 10.0.40219.1
Project("{FAE04EC0-301F-11D3-BF4B-00C04F79EFBC}") = "EjemploPracticaNetCore", "EjemploPracticaNetCore.csproj", "{DABEA50A-CAB6-4106-877F-5B2EDC86FC52}"
EndProject
Global
	GlobalSection(SolutionConfigurationPlatforms) = preSolution
		Debug|Any CPU = Debug|Any CPU
		Release|Any CPU = Release|Any CPU
	EndGlobalSection
	GlobalSection(ProjectConfigurationPlatforms) = postSolution
		{DABEA50A-CAB6-4106-877F-5B2EDC86FC52}.Debug|Any CPU.ActiveCfg = Debug|Any CPU
		{DABEA50A-CAB6-4106-877F-5B2EDC86FC52}.Debug|Any CPU.Build.0 = Debug|Any CPU
		{DABEA50A-CAB6-4106-877F-5B2EDC86FC52}.Release|Any CPU.ActiveCfg = Release|Any CPU
		{DABEA50A-CAB6-4106-877F-5B2EDC86FC52}.Release|Any CPU.Build.0 = Release|Any CPU
	EndGlobalSection
	GlobalSection(SolutionProperties) = preSolution
		HideSolutionNode = FALSE
	EndGlobalSection
	GlobalSection(ExtensibilityGlobals) = postSolution
		SolutionGuid = {742AA7AC-23C9-4411-A2A1-207002AB1EEB}
	EndGlobalSection
EndGlobal
